
Microsoft Visual Studio Solution File, Format Version 12.00
# Visual Studio Version 17
VisualStudioVersion = 17.5.002.0
MinimumVisualStudioVersion = 10.0.40219.1
Project("{9A19103F-16F7-4668-BE54-9A1E7A4F7556}") = "WeddingLetter", "WeddingLetter.csproj", "{ADDA751A-E954-47BF-B19C-C2BEA8C904DE}"
EndProject
Global
	GlobalSection(SolutionConfigurationPlatforms) = preSolution
		Debug|Any CPU = Debug|Any CPU
		Release|Any CPU = Release|Any CPU
	EndGlobalSection
	GlobalSection(ProjectConfigurationPlatforms) = postSolution
		{ADDA751A-E954-47BF-B19C-C2BEA8C904DE}.Debug|Any CPU.ActiveCfg = Debug|Any CPU
		{ADDA751A-E954-47BF-B19C-C2BEA8C904DE}.Debug|Any CPU.Build.0 = Debug|Any CPU
		{ADDA751A-E954-47BF-B19C-C2BEA8C904DE}.Release|Any CPU.ActiveCfg = Release|Any CPU
		{ADDA751A-E954-47BF-B19C-C2BEA8C904DE}.Release|Any CPU.Build.0 = Release|Any CPU
	EndGlobalSection
	GlobalSection(SolutionProperties) = preSolution
		HideSolutionNode = FALSE
	EndGlobalSection
	GlobalSection(ExtensibilityGlobals) = postSolution
		SolutionGuid = {027ED37C-41E5-4BFF-832E-19594C4EC63F}
	EndGlobalSection
EndGlobal
